
Microsoft Visual Studio Solution File, Format Version 12.00
# Visual Studio Version 16
VisualStudioVersion = 16.0.31025.194
MinimumVisualStudioVersion = 10.0.40219.1
Project("{FAE04EC0-301F-11D3-BF4B-00C04F79EFBC}") = "OctoBoxDemo", "OctoBoxDemo.csproj", "{9BC2311A-08C8-4E15-B8C8-2C411D206E1D}"
EndProject
Global
	GlobalSection(SolutionConfigurationPlatforms) = preSolution
		Debug|Any CPU = Debug|Any CPU
		Release|Any CPU = Release|Any CPU
	EndGlobalSection
	GlobalSection(ProjectConfigurationPlatforms) = postSolution
		{9BC2311A-08C8-4E15-B8C8-2C411D206E1D}.Debug|Any CPU.ActiveCfg = Debug|Any CPU
		{9BC2311A-08C8-4E15-B8C8-2C411D206E1D}.Debug|Any CPU.Build.0 = Debug|Any CPU
		{9BC2311A-08C8-4E15-B8C8-2C411D206E1D}.Release|Any CPU.ActiveCfg = Release|Any CPU
		{9BC2311A-08C8-4E15-B8C8-2C411D206E1D}.Release|Any CPU.Build.0 = Release|Any CPU
	EndGlobalSection
	GlobalSection(SolutionProperties) = preSolution
		HideSolutionNode = FALSE
	EndGlobalSection
	GlobalSection(ExtensibilityGlobals) = postSolution
		SolutionGuid = {C268B7D9-C3D0-469D-A332-62DEB8BE34E2}
	EndGlobalSection
EndGlobal
